
Microsoft Visual Studio Solution File, Format Version 12.00
# Visual Studio Version 16
VisualStudioVersion = 16.0.31605.320
MinimumVisualStudioVersion = 10.0.40219.1
Project("{FAE04EC0-301F-11D3-BF4B-00C04F79EFBC}") = "NewClient", "NewClient\NewClient.csproj", "{21939B30-40E2-4DD6-9FF4-1A97954CFC0F}"
EndProject
Global
	GlobalSection(SolutionConfigurationPlatforms) = preSolution
		Debug|Any CPU = Debug|Any CPU
		Release|Any CPU = Release|Any CPU
	EndGlobalSection
	GlobalSection(ProjectConfigurationPlatforms) = postSolution
		{21939B30-40E2-4DD6-9FF4-1A97954CFC0F}.Debug|Any CPU.ActiveCfg = Debug|Any CPU
		{21939B30-40E2-4DD6-9FF4-1A97954CFC0F}.Debug|Any CPU.Build.0 = Debug|Any CPU
		{21939B30-40E2-4DD6-9FF4-1A97954CFC0F}.Release|Any CPU.ActiveCfg = Release|Any CPU
		{21939B30-40E2-4DD6-9FF4-1A97954CFC0F}.Release|Any CPU.Build.0 = Release|Any CPU
	EndGlobalSection
	GlobalSection(SolutionProperties) = preSolution
		HideSolutionNode = FALSE
	EndGlobalSection
	GlobalSection(ExtensibilityGlobals) = postSolution
		SolutionGuid = {1ABCD1F7-0057-48E1-B30A-827F9A2AAB0D}
	EndGlobalSection
EndGlobal
